
Microsoft Visual Studio Solution File, Format Version 12.00
# Visual Studio Version 17
VisualStudioVersion = 17.2.32526.322
MinimumVisualStudioVersion = 10.0.40219.1
Project("{9A19103F-16F7-4668-BE54-9A1E7A4F7556}") = "MFCWebApplication", "MFCWebApplication\MFCWebApplication.csproj", "{84F5099D-4445-4698-B228-1C5717996671}"
EndProject
Global
	GlobalSection(SolutionConfigurationPlatforms) = preSolution
		Debug|Any CPU = Debug|Any CPU
		Release|Any CPU = Release|Any CPU
	EndGlobalSection
	GlobalSection(ProjectConfigurationPlatforms) = postSolution
		{84F5099D-4445-4698-B228-1C5717996671}.Debug|Any CPU.ActiveCfg = Debug|Any CPU
		{84F5099D-4445-4698-B228-1C5717996671}.Debug|Any CPU.Build.0 = Debug|Any CPU
		{84F5099D-4445-4698-B228-1C5717996671}.Release|Any CPU.ActiveCfg = Release|Any CPU
		{84F5099D-4445-4698-B228-1C5717996671}.Release|Any CPU.Build.0 = Release|Any CPU
	EndGlobalSection
	GlobalSection(SolutionProperties) = preSolution
		HideSolutionNode = FALSE
	EndGlobalSection
	GlobalSection(ExtensibilityGlobals) = postSolution
		SolutionGuid = {2D7D8706-3C87-47BA-9B82-EBEA9DAA5E98}
	EndGlobalSection
EndGlobal
